{
  "version": 4,
  "terraform_version": "1.2.9",
  "serial": 70,
  "lineage": "4cda8e11-5b5f-9602-54ba-1d2ddbba7a71",
  "outputs": {
    "linuxvm_pub_ip": {
      "value": "dev-ubuntu18.04 :",
      "type": "string"
    }
  },
  "resources": [
    {
      "mode": "data",
      "type": "azurerm_public_ip",
      "name": "test-rg2-dev-data",
      "provider": "provider[\"registry.terraform.io/hashicorp/azurerm\"]",
      "instances": [
        {
          "schema_version": 0,
          "attributes": {
            "allocation_method": "Dynamic",
            "domain_name_label": "",
            "fqdn": "",
            "id": "/subscriptions/60c18735-bc4c-44a8-8ed9-83c6e4a226d1/resourceGroups/test-rg2-dev/providers/Microsoft.Network/publicIPAddresses/dev-publicIP",
            "idle_timeout_in_minutes": 4,
            "ip_address": "",
            "ip_tags": {},
            "ip_version": "IPv4",
            "location": "eastus2",
            "name": "dev-publicIP",
            "resource_group_name": "test-rg2-dev",
            "reverse_fqdn": "",
            "sku": "Basic",
            "tags": {
              "environment": "dev"
            },
            "timeouts": null,
            "zones": []
          },
          "sensitive_attributes": []
        }
      ]
    },
    {
      "mode": "managed",
      "type": "azurerm_linux_virtual_machine",
      "name": "test-rg2-dev-ubuntu",
      "provider": "provider[\"registry.terraform.io/hashicorp/azurerm\"]",
      "instances": [
        {
          "schema_version": 0,
          "attributes": {
            "additional_capabilities": [],
            "admin_password": null,
            "admin_ssh_key": [
              {
                "public_key": "ssh-rsa AAAAB3NzaC1yc2EAAAADAQABAAABgQDOfcicSQ8aMtSJOZ68GZoMEFFfWmTJ8NxzmIa/1DYf0g3fJhAFn9ky9EWHNtNjyIaMclEGv/iIxIaEa8YvpomNMsULvNS50U3er0INA8fSifuSRANXiqmd7prVNR3xH0aBmNUlhJSSYK98mSPHOoxvy0LW+IZ+K5dmAuWkE7vI8+vTBXBrnQd3+k2S5AvkkgMocxkKZ6c/RFIYKO9R0q+EEnITFQL1UGXpr8IE8SoJinLUvOY6TU/lpxBQZVJecda+JkWsYMVse5HdfciJSNhp4pp3Q1ZRvfR8YGBxN9bIOwHTVCNchKkdCxV4oCzPtiWK2rJgRifLccfHKJl+P101dp8GFs6oJdWhlYnFLtIS7MVe89xQQh3jT614AHqkM1sT2kXjKfQjkbWQGkdeOlvsmgGnvBvTPSC7IaiJuTZMhNX9N6+6UoTSMhm+uoHntWWLsk/nrGIirXMlsGVJdNxEMD8WcAvHpbDEVsQL9UoZvA204O9p2T41LLX9GMHRVbc= apila@DESKTOP-VRRN1N1\r\n",
                "username": "adminuser"
              }
            ],
            "admin_username": "adminuser",
            "allow_extension_operations": true,
            "availability_set_id": "",
            "boot_diagnostics": [],
            "computer_name": "dev-ubuntu18.04",
            "custom_data": "IyEvYmluL2Jhc2gNCnN1ZG8gYXB0LWdldCB1cGRhdGUgLXkgJiYNCnN1ZG8gYXB0LWdldCBpbnN0YWxsIC15IFwNCmFwdC10cmFuc3BvcnQtaHR0cHMgXA0KY2EtY2VydGlmaWNhdGVzIFwNCmN1cmwgXA0KZ251cGctYWdlbnQgXA0Kc29mdHdhcmUtcHJvcGVydGllcy1jb21tb24gJiYNCmN1cmwgLWZzU0wgaHR0cHM6Ly9kb3dubG9hZC5kb2NrZXIuY29tL2xpbnV4L3VidW50dS9ncGcgfCBzdWRvIGFwdC1rZXkgYWRkIC0gJiYNCnN1ZG8gYWRkLWFwdC1yZXBvc2l0b3J5ICJkZWIgW2FyY2g9YW1kNjRdIGh0dHBzOi8vZG93bmxvYWQuZG9ja2VyLmNvbS9saW51eC91YnVudHUgJChsc2JfcmVsZWFzZSAtY3MpIHN0YWJsZSIgJiYNCnN1ZG8gYXB0LWdldCB1cGRhdGUgLXkgJiYNCnN1ZG8gc3VkbyBhcHQtZ2V0IGluc3RhbGwgZG9ja2VyLWNlIGRvY2tlci1jZS1jbGkgY29udGFpbmVyZC5pbyAteSAmJg0Kc3VkbyB1c2VybW9kIC1hRyBkb2NrZXIgdWJ1bnR1",
            "dedicated_host_group_id": "",
            "dedicated_host_id": "",
            "disable_password_authentication": true,
            "edge_zone": "",
            "encryption_at_host_enabled": false,
            "eviction_policy": "",
            "extensions_time_budget": "PT1H30M",
            "id": "/subscriptions/60c18735-bc4c-44a8-8ed9-83c6e4a226d1/resourceGroups/test-rg2-dev/providers/Microsoft.Compute/virtualMachines/dev-ubuntu18.04",
            "identity": [],
            "license_type": "",
            "location": "eastus2",
            "max_bid_price": -1,
            "name": "dev-ubuntu18.04",
            "network_interface_ids": [
              "/subscriptions/60c18735-bc4c-44a8-8ed9-83c6e4a226d1/resourceGroups/test-rg2-dev/providers/Microsoft.Network/networkInterfaces/dev-nic"
            ],
            "os_disk": [
              {
                "caching": "ReadWrite",
                "diff_disk_settings": [],
                "disk_encryption_set_id": "",
                "disk_size_gb": 30,
                "name": "dev-ubuntu18.04_OsDisk_1_9940ab513892477eb0a96c9cd13f722f",
                "storage_account_type": "Standard_LRS",
                "write_accelerator_enabled": false
              }
            ],
            "patch_mode": "ImageDefault",
            "plan": [],
            "platform_fault_domain": -1,
            "priority": "Regular",
            "private_ip_address": "10.0.1.4",
            "private_ip_addresses": [
              "10.0.1.4"
            ],
            "provision_vm_agent": true,
            "proximity_placement_group_id": "",
            "public_ip_address": "20.7.59.218",
            "public_ip_addresses": [
              "20.7.59.218"
            ],
            "resource_group_name": "test-rg2-dev",
            "secret": [],
            "secure_boot_enabled": false,
            "size": "Standard_D2",
            "source_image_id": "",
            "source_image_reference": [
              {
                "offer": "UbuntuServer",
                "publisher": "Canonical",
                "sku": "18.04-LTS",
                "version": "latest"
              }
            ],
            "tags": {
              "environment": "dev"
            },
            "termination_notification": null,
            "timeouts": null,
            "user_data": "",
            "virtual_machine_id": "10240a00-a14e-4725-b755-2c842515e06b",
            "virtual_machine_scale_set_id": "",
            "vtpm_enabled": false,
            "zone": ""
          },
          "sensitive_attributes": [],
          "private": "eyJlMmJmYjczMC1lY2FhLTExZTYtOGY4OC0zNDM2M2JjN2M0YzAiOnsiY3JlYXRlIjoyNzAwMDAwMDAwMDAwLCJkZWxldGUiOjI3MDAwMDAwMDAwMDAsInJlYWQiOjMwMDAwMDAwMDAwMCwidXBkYXRlIjoyNzAwMDAwMDAwMDAwfX0=",
          "dependencies": [
            "azurerm_network_interface.test-rg2-dev-nic",
            "azurerm_public_ip.test-rg2-dev-pubip",
            "azurerm_resource_group.test-rg2-dev-env",
            "azurerm_subnet.test-rg2-dev-subnet",
            "azurerm_virtual_network.test-rg2-dev-vn"
          ]
        }
      ]
    },
    {
      "mode": "managed",
      "type": "azurerm_network_interface",
      "name": "test-rg2-dev-nic",
      "provider": "provider[\"registry.terraform.io/hashicorp/azurerm\"]",
      "instances": [
        {
          "schema_version": 0,
          "attributes": {
            "applied_dns_servers": [],
            "dns_servers": [],
            "edge_zone": "",
            "enable_accelerated_networking": false,
            "enable_ip_forwarding": false,
            "id": "/subscriptions/60c18735-bc4c-44a8-8ed9-83c6e4a226d1/resourceGroups/test-rg2-dev/providers/Microsoft.Network/networkInterfaces/dev-nic",
            "internal_dns_name_label": "",
            "internal_domain_name_suffix": "fnkppr2fxrkermpxj24xsvx23e.cx.internal.cloudapp.net",
            "ip_configuration": [
              {
                "gateway_load_balancer_frontend_ip_configuration_id": "",
                "name": "internal",
                "primary": true,
                "private_ip_address": "10.0.1.4",
                "private_ip_address_allocation": "Dynamic",
                "private_ip_address_version": "IPv4",
                "public_ip_address_id": "/subscriptions/60c18735-bc4c-44a8-8ed9-83c6e4a226d1/resourceGroups/test-rg2-dev/providers/Microsoft.Network/publicIPAddresses/dev-publicIP",
                "subnet_id": "/subscriptions/60c18735-bc4c-44a8-8ed9-83c6e4a226d1/resourceGroups/test-rg2-dev/providers/Microsoft.Network/virtualNetworks/test-rg2-vn/subnets/dev-subnetA"
              }
            ],
            "location": "eastus2",
            "mac_address": "",
            "name": "dev-nic",
            "private_ip_address": "10.0.1.4",
            "private_ip_addresses": [
              "10.0.1.4"
            ],
            "resource_group_name": "test-rg2-dev",
            "tags": {
              "environment": "dev"
            },
            "timeouts": null,
            "virtual_machine_id": ""
          },
          "sensitive_attributes": [],
          "private": "eyJlMmJmYjczMC1lY2FhLTExZTYtOGY4OC0zNDM2M2JjN2M0YzAiOnsiY3JlYXRlIjoxODAwMDAwMDAwMDAwLCJkZWxldGUiOjE4MDAwMDAwMDAwMDAsInJlYWQiOjMwMDAwMDAwMDAwMCwidXBkYXRlIjoxODAwMDAwMDAwMDAwfX0=",
          "dependencies": [
            "azurerm_public_ip.test-rg2-dev-pubip",
            "azurerm_resource_group.test-rg2-dev-env",
            "azurerm_subnet.test-rg2-dev-subnet",
            "azurerm_virtual_network.test-rg2-dev-vn"
          ]
        }
      ]
    },
    {
      "mode": "managed",
      "type": "azurerm_network_security_group",
      "name": "test-rg2-dev-nsg",
      "provider": "provider[\"registry.terraform.io/hashicorp/azurerm\"]",
      "instances": [
        {
          "schema_version": 0,
          "attributes": {
            "id": "/subscriptions/60c18735-bc4c-44a8-8ed9-83c6e4a226d1/resourceGroups/test-rg2-dev/providers/Microsoft.Network/networkSecurityGroups/dev-nsg",
            "location": "eastus2",
            "name": "dev-nsg",
            "resource_group_name": "test-rg2-dev",
            "security_rule": [],
            "tags": {
              "environment": "dev"
            },
            "timeouts": null
          },
          "sensitive_attributes": [],
          "private": "eyJlMmJmYjczMC1lY2FhLTExZTYtOGY4OC0zNDM2M2JjN2M0YzAiOnsiY3JlYXRlIjoxODAwMDAwMDAwMDAwLCJkZWxldGUiOjE4MDAwMDAwMDAwMDAsInJlYWQiOjMwMDAwMDAwMDAwMCwidXBkYXRlIjoxODAwMDAwMDAwMDAwfX0=",
          "dependencies": [
            "azurerm_resource_group.test-rg2-dev-env"
          ]
        }
      ]
    },
    {
      "mode": "managed",
      "type": "azurerm_network_security_rule",
      "name": "test-rg2-dev-nsr",
      "provider": "provider[\"registry.terraform.io/hashicorp/azurerm\"]",
      "instances": [
        {
          "schema_version": 0,
          "attributes": {
            "access": "Allow",
            "description": "",
            "destination_address_prefix": "*",
            "destination_address_prefixes": null,
            "destination_application_security_group_ids": null,
            "destination_port_range": "*",
            "destination_port_ranges": null,
            "direction": "Inbound",
            "id": "/subscriptions/60c18735-bc4c-44a8-8ed9-83c6e4a226d1/resourceGroups/test-rg2-dev/providers/Microsoft.Network/networkSecurityGroups/dev-nsg/securityRules/dev-rule",
            "name": "dev-rule",
            "network_security_group_name": "dev-nsg",
            "priority": 100,
            "protocol": "*",
            "resource_group_name": "test-rg2-dev",
            "source_address_prefix": "*",
            "source_address_prefixes": null,
            "source_application_security_group_ids": null,
            "source_port_range": "*",
            "source_port_ranges": null,
            "timeouts": null
          },
          "sensitive_attributes": [],
          "private": "eyJlMmJmYjczMC1lY2FhLTExZTYtOGY4OC0zNDM2M2JjN2M0YzAiOnsiY3JlYXRlIjoxODAwMDAwMDAwMDAwLCJkZWxldGUiOjE4MDAwMDAwMDAwMDAsInJlYWQiOjMwMDAwMDAwMDAwMCwidXBkYXRlIjoxODAwMDAwMDAwMDAwfX0=",
          "dependencies": [
            "azurerm_network_security_group.test-rg2-dev-nsg",
            "azurerm_resource_group.test-rg2-dev-env"
          ]
        }
      ]
    },
    {
      "mode": "managed",
      "type": "azurerm_public_ip",
      "name": "test-rg2-dev-pubip",
      "provider": "provider[\"registry.terraform.io/hashicorp/azurerm\"]",
      "instances": [
        {
          "schema_version": 0,
          "attributes": {
            "allocation_method": "Dynamic",
            "domain_name_label": null,
            "edge_zone": "",
            "fqdn": null,
            "id": "/subscriptions/60c18735-bc4c-44a8-8ed9-83c6e4a226d1/resourceGroups/test-rg2-dev/providers/Microsoft.Network/publicIPAddresses/dev-publicIP",
            "idle_timeout_in_minutes": 4,
            "ip_address": "",
            "ip_tags": null,
            "ip_version": "IPv4",
            "location": "eastus2",
            "name": "dev-publicIP",
            "public_ip_prefix_id": null,
            "resource_group_name": "test-rg2-dev",
            "reverse_fqdn": null,
            "sku": "Basic",
            "sku_tier": "Regional",
            "tags": {
              "environment": "dev"
            },
            "timeouts": null,
            "zones": null
          },
          "sensitive_attributes": [],
          "private": "eyJlMmJmYjczMC1lY2FhLTExZTYtOGY4OC0zNDM2M2JjN2M0YzAiOnsiY3JlYXRlIjoxODAwMDAwMDAwMDAwLCJkZWxldGUiOjE4MDAwMDAwMDAwMDAsInJlYWQiOjMwMDAwMDAwMDAwMCwidXBkYXRlIjoxODAwMDAwMDAwMDAwfX0=",
          "dependencies": [
            "azurerm_resource_group.test-rg2-dev-env"
          ]
        }
      ]
    },
    {
      "mode": "managed",
      "type": "azurerm_resource_group",
      "name": "test-rg2-dev-env",
      "provider": "provider[\"registry.terraform.io/hashicorp/azurerm\"]",
      "instances": [
        {
          "schema_version": 0,
          "attributes": {
            "id": "/subscriptions/60c18735-bc4c-44a8-8ed9-83c6e4a226d1/resourceGroups/test-rg2-dev",
            "location": "eastus2",
            "name": "test-rg2-dev",
            "tags": {
              "environment": "dev"
            },
            "timeouts": null
          },
          "sensitive_attributes": [],
          "private": "eyJlMmJmYjczMC1lY2FhLTExZTYtOGY4OC0zNDM2M2JjN2M0YzAiOnsiY3JlYXRlIjo1NDAwMDAwMDAwMDAwLCJkZWxldGUiOjU0MDAwMDAwMDAwMDAsInJlYWQiOjMwMDAwMDAwMDAwMCwidXBkYXRlIjo1NDAwMDAwMDAwMDAwfX0="
        }
      ]
    },
    {
      "mode": "managed",
      "type": "azurerm_subnet",
      "name": "test-rg2-dev-subnet",
      "provider": "provider[\"registry.terraform.io/hashicorp/azurerm\"]",
      "instances": [
        {
          "schema_version": 0,
          "attributes": {
            "address_prefixes": [
              "10.0.1.0/24"
            ],
            "delegation": [],
            "enforce_private_link_endpoint_network_policies": false,
            "enforce_private_link_service_network_policies": false,
            "id": "/subscriptions/60c18735-bc4c-44a8-8ed9-83c6e4a226d1/resourceGroups/test-rg2-dev/providers/Microsoft.Network/virtualNetworks/test-rg2-vn/subnets/dev-subnetA",
            "name": "dev-subnetA",
            "resource_group_name": "test-rg2-dev",
            "service_endpoint_policy_ids": null,
            "service_endpoints": null,
            "timeouts": null,
            "virtual_network_name": "test-rg2-vn"
          },
          "sensitive_attributes": [],
          "private": "eyJlMmJmYjczMC1lY2FhLTExZTYtOGY4OC0zNDM2M2JjN2M0YzAiOnsiY3JlYXRlIjoxODAwMDAwMDAwMDAwLCJkZWxldGUiOjE4MDAwMDAwMDAwMDAsInJlYWQiOjMwMDAwMDAwMDAwMCwidXBkYXRlIjoxODAwMDAwMDAwMDAwfX0=",
          "dependencies": [
            "azurerm_resource_group.test-rg2-dev-env",
            "azurerm_virtual_network.test-rg2-dev-vn"
          ]
        }
      ]
    },
    {
      "mode": "managed",
      "type": "azurerm_subnet_network_security_group_association",
      "name": "test-rg2-dev-sga",
      "provider": "provider[\"registry.terraform.io/hashicorp/azurerm\"]",
      "instances": [
        {
          "schema_version": 0,
          "attributes": {
            "id": "/subscriptions/60c18735-bc4c-44a8-8ed9-83c6e4a226d1/resourceGroups/test-rg2-dev/providers/Microsoft.Network/virtualNetworks/test-rg2-vn/subnets/dev-subnetA",
            "network_security_group_id": "/subscriptions/60c18735-bc4c-44a8-8ed9-83c6e4a226d1/resourceGroups/test-rg2-dev/providers/Microsoft.Network/networkSecurityGroups/dev-nsg",
            "subnet_id": "/subscriptions/60c18735-bc4c-44a8-8ed9-83c6e4a226d1/resourceGroups/test-rg2-dev/providers/Microsoft.Network/virtualNetworks/test-rg2-vn/subnets/dev-subnetA",
            "timeouts": null
          },
          "sensitive_attributes": [],
          "private": "eyJlMmJmYjczMC1lY2FhLTExZTYtOGY4OC0zNDM2M2JjN2M0YzAiOnsiY3JlYXRlIjoxODAwMDAwMDAwMDAwLCJkZWxldGUiOjE4MDAwMDAwMDAwMDAsInJlYWQiOjMwMDAwMDAwMDAwMCwidXBkYXRlIjoxODAwMDAwMDAwMDAwfX0=",
          "dependencies": [
            "azurerm_network_security_group.test-rg2-dev-nsg",
            "azurerm_resource_group.test-rg2-dev-env",
            "azurerm_subnet.test-rg2-dev-subnet",
            "azurerm_virtual_network.test-rg2-dev-vn"
          ]
        }
      ]
    },
    {
      "mode": "managed",
      "type": "azurerm_virtual_network",
      "name": "test-rg2-dev-vn",
      "provider": "provider[\"registry.terraform.io/hashicorp/azurerm\"]",
      "instances": [
        {
          "schema_version": 0,
          "attributes": {
            "address_space": [
              "10.0.0.0/16"
            ],
            "bgp_community": "",
            "ddos_protection_plan": [],
            "dns_servers": [],
            "edge_zone": "",
            "flow_timeout_in_minutes": 0,
            "guid": "c7f7542b-bc85-4854-b1f7-4f3d7956fcec",
            "id": "/subscriptions/60c18735-bc4c-44a8-8ed9-83c6e4a226d1/resourceGroups/test-rg2-dev/providers/Microsoft.Network/virtualNetworks/test-rg2-vn",
            "location": "eastus2",
            "name": "test-rg2-vn",
            "resource_group_name": "test-rg2-dev",
            "subnet": [],
            "tags": {
              "environment": "dev"
            },
            "timeouts": null
          },
          "sensitive_attributes": [],
          "private": "eyJlMmJmYjczMC1lY2FhLTExZTYtOGY4OC0zNDM2M2JjN2M0YzAiOnsiY3JlYXRlIjoxODAwMDAwMDAwMDAwLCJkZWxldGUiOjE4MDAwMDAwMDAwMDAsInJlYWQiOjMwMDAwMDAwMDAwMCwidXBkYXRlIjoxODAwMDAwMDAwMDAwfX0=",
          "dependencies": [
            "azurerm_resource_group.test-rg2-dev-env"
          ]
        }
      ]
    }
  ]
}
